
Microsoft Visual Studio Solution File, Format Version 12.00
# Visual Studio 2012
Project("{8BC9CEB8-8B4A-11D0-8D11-00A0C91BC942}") = "nes_loader", "nes_loader.vcxproj", "{C4DC9F66-403A-4829-921C-47EA3D70A912}"
EndProject
Global
	GlobalSection(SolutionConfigurationPlatforms) = preSolution
		Debug|Win32 = Debug|Win32
		Release|Win32 = Release|Win32
	EndGlobalSection
	GlobalSection(ProjectConfigurationPlatforms) = postSolution
		{C4DC9F66-403A-4829-921C-47EA3D70A912}.Debug|Win32.ActiveCfg = Debug|Win32
		{C4DC9F66-403A-4829-921C-47EA3D70A912}.Debug|Win32.Build.0 = Debug|Win32
		{C4DC9F66-403A-4829-921C-47EA3D70A912}.Release|Win32.ActiveCfg = Release|Win32
		{C4DC9F66-403A-4829-921C-47EA3D70A912}.Release|Win32.Build.0 = Release|Win32
	EndGlobalSection
	GlobalSection(SolutionProperties) = preSolution
		HideSolutionNode = FALSE
	EndGlobalSection
EndGlobal
